
Microsoft Visual Studio Solution File, Format Version 12.00
# Visual Studio Version 16
VisualStudioVersion = 16.0.29519.87
MinimumVisualStudioVersion = 10.0.40219.1
Project("{FAE04EC0-301F-11D3-BF4B-00C04F79EFBC}") = "OrderMgmtService", "OrderMgmtService\OrderMgmtService.csproj", "{3DAA8434-327F-4668-8B2F-99B1A220CD46}"
EndProject
Project("{2150E333-8FDC-42A3-9474-1A3956D46DE8}") = "ARM", "ARM", "{CE2D73AA-9671-45EE-B418-2EF517EAB770}"
EndProject
Project("{151D2E53-A2C4-4D7D-83FE-D05416EBD58E}") = "OrdermgmtService_ARM_AppServicePlan", "OrdermgmtService_ARM_AppServicePlan\OrdermgmtService_ARM_AppServicePlan.deployproj", "{6AAA37B2-D99F-4E7F-A630-372284DA5B2E}"
EndProject
Global
	GlobalSection(SolutionConfigurationPlatforms) = preSolution
		Debug|Any CPU = Debug|Any CPU
		Release|Any CPU = Release|Any CPU
	EndGlobalSection
	GlobalSection(ProjectConfigurationPlatforms) = postSolution
		{3DAA8434-327F-4668-8B2F-99B1A220CD46}.Debug|Any CPU.ActiveCfg = Debug|Any CPU
		{3DAA8434-327F-4668-8B2F-99B1A220CD46}.Debug|Any CPU.Build.0 = Debug|Any CPU
		{3DAA8434-327F-4668-8B2F-99B1A220CD46}.Release|Any CPU.ActiveCfg = Release|Any CPU
		{3DAA8434-327F-4668-8B2F-99B1A220CD46}.Release|Any CPU.Build.0 = Release|Any CPU
		{6AAA37B2-D99F-4E7F-A630-372284DA5B2E}.Debug|Any CPU.ActiveCfg = Debug|Any CPU
		{6AAA37B2-D99F-4E7F-A630-372284DA5B2E}.Debug|Any CPU.Build.0 = Debug|Any CPU
		{6AAA37B2-D99F-4E7F-A630-372284DA5B2E}.Release|Any CPU.ActiveCfg = Release|Any CPU
		{6AAA37B2-D99F-4E7F-A630-372284DA5B2E}.Release|Any CPU.Build.0 = Release|Any CPU
	EndGlobalSection
	GlobalSection(SolutionProperties) = preSolution
		HideSolutionNode = FALSE
	EndGlobalSection
	GlobalSection(NestedProjects) = preSolution
		{6AAA37B2-D99F-4E7F-A630-372284DA5B2E} = {CE2D73AA-9671-45EE-B418-2EF517EAB770}
	EndGlobalSection
	GlobalSection(ExtensibilityGlobals) = postSolution
		SolutionGuid = {ACF48566-0BAD-46BB-9B9B-41A0029C2745}
	EndGlobalSection
EndGlobal
